
Microsoft Visual Studio Solution File, Format Version 12.00
# Blend for Visual Studio Version 17
VisualStudioVersion = 17.0.32112.339
MinimumVisualStudioVersion = 10.0.40219.1
Project("{9A19103F-16F7-4668-BE54-9A1E7A4F7556}") = "MultiScreenApp", "MultiScreenApp\MultiScreenApp.csproj", "{FB37C3E1-DF04-4B35-8FE5-89C2194BE9BC}"
EndProject
Global
	GlobalSection(SolutionConfigurationPlatforms) = preSolution
		Debug|Any CPU = Debug|Any CPU
		Release|Any CPU = Release|Any CPU
	EndGlobalSection
	GlobalSection(ProjectConfigurationPlatforms) = postSolution
		{FB37C3E1-DF04-4B35-8FE5-89C2194BE9BC}.Debug|Any CPU.ActiveCfg = Debug|Any CPU
		{FB37C3E1-DF04-4B35-8FE5-89C2194BE9BC}.Debug|Any CPU.Build.0 = Debug|Any CPU
		{FB37C3E1-DF04-4B35-8FE5-89C2194BE9BC}.Release|Any CPU.ActiveCfg = Release|Any CPU
		{FB37C3E1-DF04-4B35-8FE5-89C2194BE9BC}.Release|Any CPU.Build.0 = Release|Any CPU
	EndGlobalSection
	GlobalSection(SolutionProperties) = preSolution
		HideSolutionNode = FALSE
	EndGlobalSection
	GlobalSection(ExtensibilityGlobals) = postSolution
		SolutionGuid = {B3F71CC6-8DCF-4C03-B848-A348F1B679BE}
	EndGlobalSection
EndGlobal
